
Microsoft Visual Studio Solution File, Format Version 12.00
# Visual Studio 15
VisualStudioVersion = 15.0.26206.0
MinimumVisualStudioVersion = 10.0.40219.1
Project("{D954291E-2A0B-460D-934E-DC6B0785DB48}") = "Paladin", "Paladin\Paladin\Paladin.shproj", "{36C3307C-C434-4243-8898-3FF2D21FA797}"
EndProject
Project("{FAE04EC0-301F-11D3-BF4B-00C04F79EFBC}") = "Paladin.Droid", "Paladin\Paladin.Droid\Paladin.Droid.csproj", "{1C2C1389-8B4F-425C-9AF0-82AADD817FF1}"
EndProject
Project("{FAE04EC0-301F-11D3-BF4B-00C04F79EFBC}") = "Paladin.iOS", "Paladin\Paladin.iOS\Paladin.iOS.csproj", "{AE9F782D-C490-4CAF-8BB5-0D3AEFF27A69}"
EndProject
Global
	GlobalSection(SharedMSBuildProjectFiles) = preSolution
		Paladin\Paladin\Paladin.projitems*{1c2c1389-8b4f-425c-9af0-82aadd817ff1}*SharedItemsImports = 4
		Paladin\Paladin\Paladin.projitems*{36c3307c-c434-4243-8898-3ff2d21fa797}*SharedItemsImports = 13
	EndGlobalSection
	GlobalSection(SolutionConfigurationPlatforms) = preSolution
		Ad-Hoc|Any CPU = Ad-Hoc|Any CPU
		Ad-Hoc|ARM = Ad-Hoc|ARM
		Ad-Hoc|iPhone = Ad-Hoc|iPhone
		Ad-Hoc|iPhoneSimulator = Ad-Hoc|iPhoneSimulator
		Ad-Hoc|x64 = Ad-Hoc|x64
		Ad-Hoc|x86 = Ad-Hoc|x86
		AppStore|Any CPU = AppStore|Any CPU
		AppStore|ARM = AppStore|ARM
		AppStore|iPhone = AppStore|iPhone
		AppStore|iPhoneSimulator = AppStore|iPhoneSimulator
		AppStore|x64 = AppStore|x64
		AppStore|x86 = AppStore|x86
		Debug|Any CPU = Debug|Any CPU
		Debug|ARM = Debug|ARM
		Debug|iPhone = Debug|iPhone
		Debug|iPhoneSimulator = Debug|iPhoneSimulator
		Debug|x64 = Debug|x64
		Debug|x86 = Debug|x86
		Release|Any CPU = Release|Any CPU
		Release|ARM = Release|ARM
		Release|iPhone = Release|iPhone
		Release|iPhoneSimulator = Release|iPhoneSimulator
		Release|x64 = Release|x64
		Release|x86 = Release|x86
	EndGlobalSection
	GlobalSection(ProjectConfigurationPlatforms) = postSolution
		{1C2C1389-8B4F-425C-9AF0-82AADD817FF1}.Ad-Hoc|Any CPU.ActiveCfg = Release|Any CPU
		{1C2C1389-8B4F-425C-9AF0-82AADD817FF1}.Ad-Hoc|Any CPU.Build.0 = Release|Any CPU
		{1C2C1389-8B4F-425C-9AF0-82AADD817FF1}.Ad-Hoc|Any CPU.Deploy.0 = Release|Any CPU
		{1C2C1389-8B4F-425C-9AF0-82AADD817FF1}.Ad-Hoc|ARM.ActiveCfg = Release|Any CPU
		{1C2C1389-8B4F-425C-9AF0-82AADD817FF1}.Ad-Hoc|ARM.Build.0 = Release|Any CPU
		{1C2C1389-8B4F-425C-9AF0-82AADD817FF1}.Ad-Hoc|ARM.Deploy.0 = Release|Any CPU
		{1C2C1389-8B4F-425C-9AF0-82AADD817FF1}.Ad-Hoc|iPhone.ActiveCfg = Release|Any CPU
		{1C2C1389-8B4F-425C-9AF0-82AADD817FF1}.Ad-Hoc|iPhone.Build.0 = Release|Any CPU
		{1C2C1389-8B4F-425C-9AF0-82AADD817FF1}.Ad-Hoc|iPhone.Deploy.0 = Release|Any CPU
		{1C2C1389-8B4F-425C-9AF0-82AADD817FF1}.Ad-Hoc|iPhoneSimulator.ActiveCfg = Release|Any CPU
		{1C2C1389-8B4F-425C-9AF0-82AADD817FF1}.Ad-Hoc|iPhoneSimulator.Build.0 = Release|Any CPU
		{1C2C1389-8B4F-425C-9AF0-82AADD817FF1}.Ad-Hoc|iPhoneSimulator.Deploy.0 = Release|Any CPU
		{1C2C1389-8B4F-425C-9AF0-82AADD817FF1}.Ad-Hoc|x64.ActiveCfg = Release|Any CPU
		{1C2C1389-8B4F-425C-9AF0-82AADD817FF1}.Ad-Hoc|x64.Build.0 = Release|Any CPU
		{1C2C1389-8B4F-425C-9AF0-82AADD817FF1}.Ad-Hoc|x64.Deploy.0 = Release|Any CPU
		{1C2C1389-8B4F-425C-9AF0-82AADD817FF1}.Ad-Hoc|x86.ActiveCfg = Release|Any CPU
		{1C2C1389-8B4F-425C-9AF0-82AADD817FF1}.Ad-Hoc|x86.Build.0 = Release|Any CPU
		{1C2C1389-8B4F-425C-9AF0-82AADD817FF1}.Ad-Hoc|x86.Deploy.0 = Release|Any CPU
		{1C2C1389-8B4F-425C-9AF0-82AADD817FF1}.AppStore|Any CPU.ActiveCfg = Release|Any CPU
		{1C2C1389-8B4F-425C-9AF0-82AADD817FF1}.AppStore|Any CPU.Build.0 = Release|Any CPU
		{1C2C1389-8B4F-425C-9AF0-82AADD817FF1}.AppStore|Any CPU.Deploy.0 = Release|Any CPU
		{1C2C1389-8B4F-425C-9AF0-82AADD817FF1}.AppStore|ARM.ActiveCfg = Release|Any CPU
		{1C2C1389-8B4F-425C-9AF0-82AADD817FF1}.AppStore|ARM.Build.0 = Release|Any CPU
		{1C2C1389-8B4F-425C-9AF0-82AADD817FF1}.AppStore|ARM.Deploy.0 = Release|Any CPU
		{1C2C1389-8B4F-425C-9AF0-82AADD817FF1}.AppStore|iPhone.ActiveCfg = Release|Any CPU
		{1C2C1389-8B4F-425C-9AF0-82AADD817FF1}.AppStore|iPhone.Build.0 = Release|Any CPU
		{1C2C1389-8B4F-425C-9AF0-82AADD817FF1}.AppStore|iPhone.Deploy.0 = Release|Any CPU
		{1C2C1389-8B4F-425C-9AF0-82AADD817FF1}.AppStore|iPhoneSimulator.ActiveCfg = Release|Any CPU
		{1C2C1389-8B4F-425C-9AF0-82AADD817FF1}.AppStore|iPhoneSimulator.Build.0 = Release|Any CPU
		{1C2C1389-8B4F-425C-9AF0-82AADD817FF1}.AppStore|iPhoneSimulator.Deploy.0 = Release|Any CPU
		{1C2C1389-8B4F-425C-9AF0-82AADD817FF1}.AppStore|x64.ActiveCfg = Release|Any CPU
		{1C2C1389-8B4F-425C-9AF0-82AADD817FF1}.AppStore|x64.Build.0 = Release|Any CPU
		{1C2C1389-8B4F-425C-9AF0-82AADD817FF1}.AppStore|x64.Deploy.0 = Release|Any CPU
		{1C2C1389-8B4F-425C-9AF0-82AADD817FF1}.AppStore|x86.ActiveCfg = Release|Any CPU
		{1C2C1389-8B4F-425C-9AF0-82AADD817FF1}.AppStore|x86.Build.0 = Release|Any CPU
		{1C2C1389-8B4F-425C-9AF0-82AADD817FF1}.AppStore|x86.Deploy.0 = Release|Any CPU
		{1C2C1389-8B4F-425C-9AF0-82AADD817FF1}.Debug|Any CPU.ActiveCfg = Debug|Any CPU
		{1C2C1389-8B4F-425C-9AF0-82AADD817FF1}.Debug|Any CPU.Build.0 = Debug|Any CPU
		{1C2C1389-8B4F-425C-9AF0-82AADD817FF1}.Debug|Any CPU.Deploy.0 = Debug|Any CPU
		{1C2C1389-8B4F-425C-9AF0-82AADD817FF1}.Debug|ARM.ActiveCfg = Debug|Any CPU
		{1C2C1389-8B4F-425C-9AF0-82AADD817FF1}.Debug|ARM.Build.0 = Debug|Any CPU
		{1C2C1389-8B4F-425C-9AF0-82AADD817FF1}.Debug|ARM.Deploy.0 = Debug|Any CPU
		{1C2C1389-8B4F-425C-9AF0-82AADD817FF1}.Debug|iPhone.ActiveCfg = Debug|Any CPU
		{1C2C1389-8B4F-425C-9AF0-82AADD817FF1}.Debug|iPhone.Build.0 = Debug|Any CPU
		{1C2C1389-8B4F-425C-9AF0-82AADD817FF1}.Debug|iPhone.Deploy.0 = Debug|Any CPU
		{1C2C1389-8B4F-425C-9AF0-82AADD817FF1}.Debug|iPhoneSimulator.ActiveCfg = Debug|Any CPU
		{1C2C1389-8B4F-425C-9AF0-82AADD817FF1}.Debug|iPhoneSimulator.Build.0 = Debug|Any CPU
		{1C2C1389-8B4F-425C-9AF0-82AADD817FF1}.Debug|iPhoneSimulator.Deploy.0 = Debug|Any CPU
		{1C2C1389-8B4F-425C-9AF0-82AADD817FF1}.Debug|x64.ActiveCfg = Debug|Any CPU
		{1C2C1389-8B4F-425C-9AF0-82AADD817FF1}.Debug|x64.Build.0 = Debug|Any CPU
		{1C2C1389-8B4F-425C-9AF0-82AADD817FF1}.Debug|x64.Deploy.0 = Debug|Any CPU
		{1C2C1389-8B4F-425C-9AF0-82AADD817FF1}.Debug|x86.ActiveCfg = Debug|Any CPU
		{1C2C1389-8B4F-425C-9AF0-82AADD817FF1}.Debug|x86.Build.0 = Debug|Any CPU
		{1C2C1389-8B4F-425C-9AF0-82AADD817FF1}.Debug|x86.Deploy.0 = Debug|Any CPU
		{1C2C1389-8B4F-425C-9AF0-82AADD817FF1}.Release|Any CPU.ActiveCfg = Release|Any CPU
		{1C2C1389-8B4F-425C-9AF0-82AADD817FF1}.Release|Any CPU.Build.0 = Release|Any CPU
		{1C2C1389-8B4F-425C-9AF0-82AADD817FF1}.Release|Any CPU.Deploy.0 = Release|Any CPU
		{1C2C1389-8B4F-425C-9AF0-82AADD817FF1}.Release|ARM.ActiveCfg = Release|Any CPU
		{1C2C1389-8B4F-425C-9AF0-82AADD817FF1}.Release|ARM.Build.0 = Release|Any CPU
		{1C2C1389-8B4F-425C-9AF0-82AADD817FF1}.Release|ARM.Deploy.0 = Release|Any CPU
		{1C2C1389-8B4F-425C-9AF0-82AADD817FF1}.Release|iPhone.ActiveCfg = Release|Any CPU
		{1C2C1389-8B4F-425C-9AF0-82AADD817FF1}.Release|iPhone.Build.0 = Release|Any CPU
		{1C2C1389-8B4F-425C-9AF0-82AADD817FF1}.Release|iPhone.Deploy.0 = Release|Any CPU
		{1C2C1389-8B4F-425C-9AF0-82AADD817FF1}.Release|iPhoneSimulator.ActiveCfg = Release|Any CPU
		{1C2C1389-8B4F-425C-9AF0-82AADD817FF1}.Release|iPhoneSimulator.Build.0 = Release|Any CPU
		{1C2C1389-8B4F-425C-9AF0-82AADD817FF1}.Release|iPhoneSimulator.Deploy.0 = Release|Any CPU
		{1C2C1389-8B4F-425C-9AF0-82AADD817FF1}.Release|x64.ActiveCfg = Release|Any CPU
		{1C2C1389-8B4F-425C-9AF0-82AADD817FF1}.Release|x64.Build.0 = Release|Any CPU
		{1C2C1389-8B4F-425C-9AF0-82AADD817FF1}.Release|x64.Deploy.0 = Release|Any CPU
		{1C2C1389-8B4F-425C-9AF0-82AADD817FF1}.Release|x86.ActiveCfg = Release|Any CPU
		{1C2C1389-8B4F-425C-9AF0-82AADD817FF1}.Release|x86.Build.0 = Release|Any CPU
		{1C2C1389-8B4F-425C-9AF0-82AADD817FF1}.Release|x86.Deploy.0 = Release|Any CPU
		{AE9F782D-C490-4CAF-8BB5-0D3AEFF27A69}.Ad-Hoc|Any CPU.ActiveCfg = Ad-Hoc|iPhone
		{AE9F782D-C490-4CAF-8BB5-0D3AEFF27A69}.Ad-Hoc|ARM.ActiveCfg = Ad-Hoc|iPhone
		{AE9F782D-C490-4CAF-8BB5-0D3AEFF27A69}.Ad-Hoc|iPhone.ActiveCfg = Ad-Hoc|iPhone
		{AE9F782D-C490-4CAF-8BB5-0D3AEFF27A69}.Ad-Hoc|iPhone.Build.0 = Ad-Hoc|iPhone
		{AE9F782D-C490-4CAF-8BB5-0D3AEFF27A69}.Ad-Hoc|iPhoneSimulator.ActiveCfg = Ad-Hoc|iPhoneSimulator
		{AE9F782D-C490-4CAF-8BB5-0D3AEFF27A69}.Ad-Hoc|iPhoneSimulator.Build.0 = Ad-Hoc|iPhoneSimulator
		{AE9F782D-C490-4CAF-8BB5-0D3AEFF27A69}.Ad-Hoc|x64.ActiveCfg = Ad-Hoc|iPhone
		{AE9F782D-C490-4CAF-8BB5-0D3AEFF27A69}.Ad-Hoc|x86.ActiveCfg = Ad-Hoc|iPhone
		{AE9F782D-C490-4CAF-8BB5-0D3AEFF27A69}.AppStore|Any CPU.ActiveCfg = AppStore|iPhone
		{AE9F782D-C490-4CAF-8BB5-0D3AEFF27A69}.AppStore|ARM.ActiveCfg = AppStore|iPhone
		{AE9F782D-C490-4CAF-8BB5-0D3AEFF27A69}.AppStore|iPhone.ActiveCfg = AppStore|iPhone
		{AE9F782D-C490-4CAF-8BB5-0D3AEFF27A69}.AppStore|iPhone.Build.0 = AppStore|iPhone
		{AE9F782D-C490-4CAF-8BB5-0D3AEFF27A69}.AppStore|iPhoneSimulator.ActiveCfg = AppStore|iPhoneSimulator
		{AE9F782D-C490-4CAF-8BB5-0D3AEFF27A69}.AppStore|iPhoneSimulator.Build.0 = AppStore|iPhoneSimulator
		{AE9F782D-C490-4CAF-8BB5-0D3AEFF27A69}.AppStore|x64.ActiveCfg = AppStore|iPhone
		{AE9F782D-C490-4CAF-8BB5-0D3AEFF27A69}.AppStore|x86.ActiveCfg = AppStore|iPhone
		{AE9F782D-C490-4CAF-8BB5-0D3AEFF27A69}.Debug|Any CPU.ActiveCfg = Debug|iPhone
		{AE9F782D-C490-4CAF-8BB5-0D3AEFF27A69}.Debug|ARM.ActiveCfg = Debug|iPhone
		{AE9F782D-C490-4CAF-8BB5-0D3AEFF27A69}.Debug|iPhone.ActiveCfg = Debug|iPhone
		{AE9F782D-C490-4CAF-8BB5-0D3AEFF27A69}.Debug|iPhone.Build.0 = Debug|iPhone
		{AE9F782D-C490-4CAF-8BB5-0D3AEFF27A69}.Debug|iPhoneSimulator.ActiveCfg = Debug|iPhoneSimulator
		{AE9F782D-C490-4CAF-8BB5-0D3AEFF27A69}.Debug|iPhoneSimulator.Build.0 = Debug|iPhoneSimulator
		{AE9F782D-C490-4CAF-8BB5-0D3AEFF27A69}.Debug|x64.ActiveCfg = Debug|iPhone
		{AE9F782D-C490-4CAF-8BB5-0D3AEFF27A69}.Debug|x86.ActiveCfg = Debug|iPhone
		{AE9F782D-C490-4CAF-8BB5-0D3AEFF27A69}.Release|Any CPU.ActiveCfg = Release|iPhone
		{AE9F782D-C490-4CAF-8BB5-0D3AEFF27A69}.Release|ARM.ActiveCfg = Release|iPhone
		{AE9F782D-C490-4CAF-8BB5-0D3AEFF27A69}.Release|iPhone.ActiveCfg = Release|iPhone
		{AE9F782D-C490-4CAF-8BB5-0D3AEFF27A69}.Release|iPhone.Build.0 = Release|iPhone
		{AE9F782D-C490-4CAF-8BB5-0D3AEFF27A69}.Release|iPhoneSimulator.ActiveCfg = Release|iPhoneSimulator
		{AE9F782D-C490-4CAF-8BB5-0D3AEFF27A69}.Release|iPhoneSimulator.Build.0 = Release|iPhoneSimulator
		{AE9F782D-C490-4CAF-8BB5-0D3AEFF27A69}.Release|x64.ActiveCfg = Release|iPhone
		{AE9F782D-C490-4CAF-8BB5-0D3AEFF27A69}.Release|x86.ActiveCfg = Release|iPhone
	EndGlobalSection
	GlobalSection(SolutionProperties) = preSolution
		HideSolutionNode = FALSE
	EndGlobalSection
EndGlobal
